
Microsoft Visual Studio Solution File, Format Version 12.00
# Visual Studio Version 17
VisualStudioVersion = 17.6.33712.159
MinimumVisualStudioVersion = 10.0.40219.1
Project("{FAE04EC0-301F-11D3-BF4B-00C04F79EFBC}") = "PDV_01", "PDV_01.csproj", "{2E113778-B8C7-4775-9D8F-0345239ED3F8}"
EndProject
Global
	GlobalSection(SolutionConfigurationPlatforms) = preSolution
		Debug|Any CPU = Debug|Any CPU
		Release|Any CPU = Release|Any CPU
	EndGlobalSection
	GlobalSection(ProjectConfigurationPlatforms) = postSolution
		{2E113778-B8C7-4775-9D8F-0345239ED3F8}.Debug|Any CPU.ActiveCfg = Debug|Any CPU
		{2E113778-B8C7-4775-9D8F-0345239ED3F8}.Debug|Any CPU.Build.0 = Debug|Any CPU
		{2E113778-B8C7-4775-9D8F-0345239ED3F8}.Release|Any CPU.ActiveCfg = Release|Any CPU
		{2E113778-B8C7-4775-9D8F-0345239ED3F8}.Release|Any CPU.Build.0 = Release|Any CPU
	EndGlobalSection
	GlobalSection(SolutionProperties) = preSolution
		HideSolutionNode = FALSE
	EndGlobalSection
	GlobalSection(ExtensibilityGlobals) = postSolution
		SolutionGuid = {20D89B89-4012-44DF-9ABA-2655D26C976A}
	EndGlobalSection
EndGlobal
